
Microsoft Visual Studio Solution File, Format Version 12.00
# Visual Studio Version 17
VisualStudioVersion = 17.11.35303.130
MinimumVisualStudioVersion = 10.0.40219.1
Project("{FAE04EC0-301F-11D3-BF4B-00C04F79EFBC}") = "listboxok", "listboxok\listboxok.csproj", "{8530E3FB-D427-4C51-BE41-75DE2B027680}"
EndProject
Global
	GlobalSection(SolutionConfigurationPlatforms) = preSolution
		Debug|Any CPU = Debug|Any CPU
		Release|Any CPU = Release|Any CPU
	EndGlobalSection
	GlobalSection(ProjectConfigurationPlatforms) = postSolution
		{8530E3FB-D427-4C51-BE41-75DE2B027680}.Debug|Any CPU.ActiveCfg = Debug|Any CPU
		{8530E3FB-D427-4C51-BE41-75DE2B027680}.Debug|Any CPU.Build.0 = Debug|Any CPU
		{8530E3FB-D427-4C51-BE41-75DE2B027680}.Release|Any CPU.ActiveCfg = Release|Any CPU
		{8530E3FB-D427-4C51-BE41-75DE2B027680}.Release|Any CPU.Build.0 = Release|Any CPU
	EndGlobalSection
	GlobalSection(SolutionProperties) = preSolution
		HideSolutionNode = FALSE
	EndGlobalSection
	GlobalSection(ExtensibilityGlobals) = postSolution
		SolutionGuid = {FB6C5902-B374-48F6-8602-FDAFBCB71FB6}
	EndGlobalSection
EndGlobal
